
Microsoft Visual Studio Solution File, Format Version 12.00
# Visual Studio 15
VisualStudioVersion = 15.0.28307.329
MinimumVisualStudioVersion = 10.0.40219.1
Project("{9A19103F-16F7-4668-BE54-9A1E7A4F7556}") = "Helloworld", "Helloworld.csproj", "{1705C90D-5D7A-40A5-B14A-B945980CC915}"
EndProject
Global
	GlobalSection(SolutionConfigurationPlatforms) = preSolution
		Debug|Any CPU = Debug|Any CPU
		Release|Any CPU = Release|Any CPU
	EndGlobalSection
	GlobalSection(ProjectConfigurationPlatforms) = postSolution
		{1705C90D-5D7A-40A5-B14A-B945980CC915}.Debug|Any CPU.ActiveCfg = Debug|Any CPU
		{1705C90D-5D7A-40A5-B14A-B945980CC915}.Debug|Any CPU.Build.0 = Debug|Any CPU
		{1705C90D-5D7A-40A5-B14A-B945980CC915}.Release|Any CPU.ActiveCfg = Release|Any CPU
		{1705C90D-5D7A-40A5-B14A-B945980CC915}.Release|Any CPU.Build.0 = Release|Any CPU
	EndGlobalSection
	GlobalSection(SolutionProperties) = preSolution
		HideSolutionNode = FALSE
	EndGlobalSection
	GlobalSection(ExtensibilityGlobals) = postSolution
		SolutionGuid = {496F39ED-F57B-4C7C-9747-8AB28C8495E6}
	EndGlobalSection
EndGlobal
